<?xml version="1.0" encoding="utf-8"?>
<Project ToolsVersion="4.0" xmlns="http://schemas.microsoft.com/developer/msbuild/2003">
  <ItemGroup>
    <Filter Include="Source Files">
      <UniqueIdentifier>{bc3f00c8-7571-484f-9a6c-3f508348f1db}</UniqueIdentifier>
      <Extensions>cpp;c;cxx;rc;def;r;odl;hpj;bat;for;f90</Extensions>
    </Filter>
    <Filter Include="Header Files">
      <UniqueIdentifier>{68321ed6-5cc5-41a5-ba66-306d30a0efad}</UniqueIdentifier>
      <Extensions>h;hpp;hxx;hm;inl;fi;fd</Extensions>
    </Filter>
    <Filter Include="Resource Files">
      <UniqueIdentifier>{7615ecff-a229-421a-9227-935394343677}</UniqueIdentifier>
      <Extensions>ico;cur;bmp;dlg;rc2;rct;bin;cnt;rtf;gif;jpg;jpeg;jpe</Extensions>
    </Filter>
  </ItemGroup>
  <ItemGroup>
    <ClCompile Include="..\client\cmd.c">
      <Filter>Source Files</Filter>
    </ClCompile>
    <ClCompile Include="..\client\common.c">
      <Filter>Source Files</Filter>
    </ClCompile>
    <ClCompile Include="..\client\crc.c">
      <Filter>Source Files</Filter>
    </ClCompile>
    <ClCompile Include="..\client\cvar.c">
      <Filter>Source Files</Filter>
    </ClCompile>
    <ClCompile Include="..\client\mathlib.c">
      <Filter>Source Files</Filter>
    </ClCompile>
    <ClCompile Include="..\client\md4.c">
      <Filter>Source Files</Filter>
    </ClCompile>
    <ClCompile Include="model.c">
      <Filter>Source Files</Filter>
    </ClCompile>
    <ClCompile Include="..\client\net_chan.c">
      <Filter>Source Files</Filter>
    </ClCompile>
    <ClCompile Include="..\client\net_wins.c">
      <Filter>Source Files</Filter>
    </ClCompile>
    <ClCompile Include="..\client\pmove.c">
      <Filter>Source Files</Filter>
    </ClCompile>
    <ClCompile Include="..\client\pmovetst.c">
      <Filter>Source Files</Filter>
    </ClCompile>
    <ClCompile Include="pr_cmds.c">
      <Filter>Source Files</Filter>
    </ClCompile>
    <ClCompile Include="pr_edict.c">
      <Filter>Source Files</Filter>
    </ClCompile>
    <ClCompile Include="pr_exec.c">
      <Filter>Source Files</Filter>
    </ClCompile>
    <ClCompile Include="sv_ccmds.c">
      <Filter>Source Files</Filter>
    </ClCompile>
    <ClCompile Include="sv_ents.c">
      <Filter>Source Files</Filter>
    </ClCompile>
    <ClCompile Include="sv_init.c">
      <Filter>Source Files</Filter>
    </ClCompile>
    <ClCompile Include="sv_main.c">
      <Filter>Source Files</Filter>
    </ClCompile>
    <ClCompile Include="sv_move.c">
      <Filter>Source Files</Filter>
    </ClCompile>
    <ClCompile Include="sv_nchan.c">
      <Filter>Source Files</Filter>
    </ClCompile>
    <ClCompile Include="sv_phys.c">
      <Filter>Source Files</Filter>
    </ClCompile>
    <ClCompile Include="sv_send.c">
      <Filter>Source Files</Filter>
    </ClCompile>
    <ClCompile Include="sv_user.c">
      <Filter>Source Files</Filter>
    </ClCompile>
    <ClCompile Include="sys_win.c">
      <Filter>Source Files</Filter>
    </ClCompile>
    <ClCompile Include="world.c">
      <Filter>Source Files</Filter>
    </ClCompile>
    <ClCompile Include="..\client\zone.c">
      <Filter>Source Files</Filter>
    </ClCompile>
  </ItemGroup>
  <ItemGroup>
    <ClInclude Include="..\..\..\quake\v2\client\net.h">
      <Filter>Source Files</Filter>
    </ClInclude>
    <ClInclude Include="..\client\bothdefs.h">
      <Filter>Header Files</Filter>
    </ClInclude>
    <ClInclude Include="..\client\bspfile.h">
      <Filter>Header Files</Filter>
    </ClInclude>
    <ClInclude Include="..\client\cdaudio.h">
      <Filter>Header Files</Filter>
    </ClInclude>
    <ClInclude Include="..\client\client.h">
      <Filter>Header Files</Filter>
    </ClInclude>
    <ClInclude Include="..\client\cmd.h">
      <Filter>Header Files</Filter>
    </ClInclude>
    <ClInclude Include="..\client\common.h">
      <Filter>Header Files</Filter>
    </ClInclude>
    <ClInclude Include="..\client\console.h">
      <Filter>Header Files</Filter>
    </ClInclude>
    <ClInclude Include="..\client\crc.h">
      <Filter>Header Files</Filter>
    </ClInclude>
    <ClInclude Include="..\client\cvar.h">
      <Filter>Header Files</Filter>
    </ClInclude>
    <ClInclude Include="..\client\d_iface.h">
      <Filter>Header Files</Filter>
    </ClInclude>
    <ClInclude Include="..\client\draw.h">
      <Filter>Header Files</Filter>
    </ClInclude>
    <ClInclude Include="..\client\input.h">
      <Filter>Header Files</Filter>
    </ClInclude>
    <ClInclude Include="..\client\keys.h">
      <Filter>Header Files</Filter>
    </ClInclude>
    <ClInclude Include="..\client\mathlib.h">
      <Filter>Header Files</Filter>
    </ClInclude>
    <ClInclude Include="..\client\menu.h">
      <Filter>Header Files</Filter>
    </ClInclude>
    <ClInclude Include="..\client\model.h">
      <Filter>Header Files</Filter>
    </ClInclude>
    <ClInclude Include="..\client\modelgen.h">
      <Filter>Header Files</Filter>
    </ClInclude>
    <ClInclude Include="..\client\net.h">
      <Filter>Header Files</Filter>
    </ClInclude>
    <ClInclude Include="..\client\pmove.h">
      <Filter>Header Files</Filter>
    </ClInclude>
    <ClInclude Include="pr_comp.h">
      <Filter>Header Files</Filter>
    </ClInclude>
    <ClInclude Include="progdefs.h">
      <Filter>Header Files</Filter>
    </ClInclude>
    <ClInclude Include="progs.h">
      <Filter>Header Files</Filter>
    </ClInclude>
    <ClInclude Include="..\client\protocol.h">
      <Filter>Header Files</Filter>
    </ClInclude>
    <ClInclude Include="..\client\quakedef.h">
      <Filter>Header Files</Filter>
    </ClInclude>
    <ClInclude Include="qwsvdef.h">
      <Filter>Header Files</Filter>
    </ClInclude>
    <ClInclude Include="..\client\render.h">
      <Filter>Header Files</Filter>
    </ClInclude>
    <ClInclude Include="..\client\sbar.h">
      <Filter>Header Files</Filter>
    </ClInclude>
    <ClInclude Include="..\client\screen.h">
      <Filter>Header Files</Filter>
    </ClInclude>
    <ClInclude Include="server.h">
      <Filter>Header Files</Filter>
    </ClInclude>
    <ClInclude Include="..\client\sound.h">
      <Filter>Header Files</Filter>
    </ClInclude>
    <ClInclude Include="..\client\spritegn.h">
      <Filter>Header Files</Filter>
    </ClInclude>
    <ClInclude Include="..\client\sys.h">
      <Filter>Header Files</Filter>
    </ClInclude>
    <ClInclude Include="sys.h">
      <Filter>Header Files</Filter>
    </ClInclude>
    <ClInclude Include="..\client\vid.h">
      <Filter>Header Files</Filter>
    </ClInclude>
    <ClInclude Include="..\client\view.h">
      <Filter>Header Files</Filter>
    </ClInclude>
    <ClInclude Include="..\client\wad.h">
      <Filter>Header Files</Filter>
    </ClInclude>
    <ClInclude Include="..\client\winquake.h">
      <Filter>Header Files</Filter>
    </ClInclude>
    <ClInclude Include="world.h">
      <Filter>Header Files</Filter>
    </ClInclude>
    <ClInclude Include="..\client\zone.h">
      <Filter>Header Files</Filter>
    </ClInclude>
  </ItemGroup>
</Project>